
Microsoft Visual Studio Solution File, Format Version 10.00
# Visual Studio 2008
Project("{8BC9CEB8-8B4A-11D0-8D11-00A0C91BC942}") = "11-2练习", "11-2练习\11-2练习.vcproj", "{E29692D4-CCFD-422B-ACF0-FE36F5F7B625}"
EndProject
Global
	GlobalSection(SolutionConfigurationPlatforms) = preSolution
		Debug|Win32 = Debug|Win32
		Release|Win32 = Release|Win32
	EndGlobalSection
	GlobalSection(ProjectConfigurationPlatforms) = postSolution
		{E29692D4-CCFD-422B-ACF0-FE36F5F7B625}.Debug|Win32.ActiveCfg = Debug|Win32
		{E29692D4-CCFD-422B-ACF0-FE36F5F7B625}.Debug|Win32.Build.0 = Debug|Win32
		{E29692D4-CCFD-422B-ACF0-FE36F5F7B625}.Release|Win32.ActiveCfg = Release|Win32
		{E29692D4-CCFD-422B-ACF0-FE36F5F7B625}.Release|Win32.Build.0 = Release|Win32
	EndGlobalSection
	GlobalSection(SolutionProperties) = preSolution
		HideSolutionNode = FALSE
	EndGlobalSection
EndGlobal
