
Microsoft Visual Studio Solution File, Format Version 10.00
# Visual Studio 2008
Project("{8BC9CEB8-8B4A-11D0-8D11-00A0C91BC942}") = "12-5", "12-5\12-5.vcproj", "{08C9CFD9-18C2-4564-8C9D-AFFC746B4C67}"
EndProject
Global
	GlobalSection(SolutionConfigurationPlatforms) = preSolution
		Debug|Win32 = Debug|Win32
		Release|Win32 = Release|Win32
	EndGlobalSection
	GlobalSection(ProjectConfigurationPlatforms) = postSolution
		{08C9CFD9-18C2-4564-8C9D-AFFC746B4C67}.Debug|Win32.ActiveCfg = Debug|Win32
		{08C9CFD9-18C2-4564-8C9D-AFFC746B4C67}.Debug|Win32.Build.0 = Debug|Win32
		{08C9CFD9-18C2-4564-8C9D-AFFC746B4C67}.Release|Win32.ActiveCfg = Release|Win32
		{08C9CFD9-18C2-4564-8C9D-AFFC746B4C67}.Release|Win32.Build.0 = Release|Win32
	EndGlobalSection
	GlobalSection(SolutionProperties) = preSolution
		HideSolutionNode = FALSE
	EndGlobalSection
EndGlobal
