
Microsoft Visual Studio Solution File, Format Version 10.00
# Visual Studio 2008
Project("{8BC9CEB8-8B4A-11D0-8D11-00A0C91BC942}") = "数", "数\数.vcproj", "{838A0CC8-BDDE-4CC5-B20B-72EB83250440}"
EndProject
Global
	GlobalSection(SolutionConfigurationPlatforms) = preSolution
		Debug|Win32 = Debug|Win32
		Release|Win32 = Release|Win32
	EndGlobalSection
	GlobalSection(ProjectConfigurationPlatforms) = postSolution
		{838A0CC8-BDDE-4CC5-B20B-72EB83250440}.Debug|Win32.ActiveCfg = Debug|Win32
		{838A0CC8-BDDE-4CC5-B20B-72EB83250440}.Debug|Win32.Build.0 = Debug|Win32
		{838A0CC8-BDDE-4CC5-B20B-72EB83250440}.Release|Win32.ActiveCfg = Release|Win32
		{838A0CC8-BDDE-4CC5-B20B-72EB83250440}.Release|Win32.Build.0 = Release|Win32
	EndGlobalSection
	GlobalSection(SolutionProperties) = preSolution
		HideSolutionNode = FALSE
	EndGlobalSection
EndGlobal
