
Microsoft Visual Studio Solution File, Format Version 10.00
# Visual Studio 2008
Project("{8BC9CEB8-8B4A-11D0-8D11-00A0C91BC942}") = "10-2", "10-2\10-2.vcproj", "{F06A9D6B-2099-4914-9791-D502E5BC38B9}"
EndProject
Global
	GlobalSection(SolutionConfigurationPlatforms) = preSolution
		Debug|Win32 = Debug|Win32
		Release|Win32 = Release|Win32
	EndGlobalSection
	GlobalSection(ProjectConfigurationPlatforms) = postSolution
		{F06A9D6B-2099-4914-9791-D502E5BC38B9}.Debug|Win32.ActiveCfg = Debug|Win32
		{F06A9D6B-2099-4914-9791-D502E5BC38B9}.Debug|Win32.Build.0 = Debug|Win32
		{F06A9D6B-2099-4914-9791-D502E5BC38B9}.Release|Win32.ActiveCfg = Release|Win32
		{F06A9D6B-2099-4914-9791-D502E5BC38B9}.Release|Win32.Build.0 = Release|Win32
	EndGlobalSection
	GlobalSection(SolutionProperties) = preSolution
		HideSolutionNode = FALSE
	EndGlobalSection
EndGlobal
