
Microsoft Visual Studio Solution File, Format Version 10.00
# Visual Studio 2008
Project("{8BC9CEB8-8B4A-11D0-8D11-00A0C91BC942}") = "define", "define\define.vcproj", "{AED804F2-A89C-4484-BFB4-CC0050CA81AC}"
EndProject
Global
	GlobalSection(SolutionConfigurationPlatforms) = preSolution
		Debug|Win32 = Debug|Win32
		Release|Win32 = Release|Win32
	EndGlobalSection
	GlobalSection(ProjectConfigurationPlatforms) = postSolution
		{AED804F2-A89C-4484-BFB4-CC0050CA81AC}.Debug|Win32.ActiveCfg = Debug|Win32
		{AED804F2-A89C-4484-BFB4-CC0050CA81AC}.Debug|Win32.Build.0 = Debug|Win32
		{AED804F2-A89C-4484-BFB4-CC0050CA81AC}.Release|Win32.ActiveCfg = Release|Win32
		{AED804F2-A89C-4484-BFB4-CC0050CA81AC}.Release|Win32.Build.0 = Release|Win32
	EndGlobalSection
	GlobalSection(SolutionProperties) = preSolution
		HideSolutionNode = FALSE
	EndGlobalSection
EndGlobal
