
Microsoft Visual Studio Solution File, Format Version 10.00
# Visual Studio 2008
Project("{8BC9CEB8-8B4A-11D0-8D11-00A0C91BC942}") = "my_string", "my_string\my_string.vcproj", "{93B6DB9E-E367-46A4-B56A-342AEC90622E}"
EndProject
Global
	GlobalSection(SolutionConfigurationPlatforms) = preSolution
		Debug|Win32 = Debug|Win32
		Release|Win32 = Release|Win32
	EndGlobalSection
	GlobalSection(ProjectConfigurationPlatforms) = postSolution
		{93B6DB9E-E367-46A4-B56A-342AEC90622E}.Debug|Win32.ActiveCfg = Debug|Win32
		{93B6DB9E-E367-46A4-B56A-342AEC90622E}.Debug|Win32.Build.0 = Debug|Win32
		{93B6DB9E-E367-46A4-B56A-342AEC90622E}.Release|Win32.ActiveCfg = Release|Win32
		{93B6DB9E-E367-46A4-B56A-342AEC90622E}.Release|Win32.Build.0 = Release|Win32
	EndGlobalSection
	GlobalSection(SolutionProperties) = preSolution
		HideSolutionNode = FALSE
	EndGlobalSection
EndGlobal
