
Microsoft Visual Studio Solution File, Format Version 10.00
# Visual Studio 2008
Project("{8BC9CEB8-8B4A-11D0-8D11-00A0C91BC942}") = "三子棋", "三子棋\三子棋.vcproj", "{9CD08D4B-CDFF-484C-8F42-EACF5236ADE4}"
EndProject
Global
	GlobalSection(SolutionConfigurationPlatforms) = preSolution
		Debug|Win32 = Debug|Win32
		Release|Win32 = Release|Win32
	EndGlobalSection
	GlobalSection(ProjectConfigurationPlatforms) = postSolution
		{9CD08D4B-CDFF-484C-8F42-EACF5236ADE4}.Debug|Win32.ActiveCfg = Debug|Win32
		{9CD08D4B-CDFF-484C-8F42-EACF5236ADE4}.Debug|Win32.Build.0 = Debug|Win32
		{9CD08D4B-CDFF-484C-8F42-EACF5236ADE4}.Release|Win32.ActiveCfg = Release|Win32
		{9CD08D4B-CDFF-484C-8F42-EACF5236ADE4}.Release|Win32.Build.0 = Release|Win32
	EndGlobalSection
	GlobalSection(SolutionProperties) = preSolution
		HideSolutionNode = FALSE
	EndGlobalSection
EndGlobal
