
Microsoft Visual Studio Solution File, Format Version 10.00
# Visual Studio 2008
Project("{8BC9CEB8-8B4A-11D0-8D11-00A0C91BC942}") = "数据类型", "数据类型\数据类型.vcproj", "{CFF0BC80-7800-4E3D-B25B-D5A1A0ECF281}"
EndProject
Global
	GlobalSection(SolutionConfigurationPlatforms) = preSolution
		Debug|Win32 = Debug|Win32
		Release|Win32 = Release|Win32
	EndGlobalSection
	GlobalSection(ProjectConfigurationPlatforms) = postSolution
		{CFF0BC80-7800-4E3D-B25B-D5A1A0ECF281}.Debug|Win32.ActiveCfg = Debug|Win32
		{CFF0BC80-7800-4E3D-B25B-D5A1A0ECF281}.Debug|Win32.Build.0 = Debug|Win32
		{CFF0BC80-7800-4E3D-B25B-D5A1A0ECF281}.Release|Win32.ActiveCfg = Release|Win32
		{CFF0BC80-7800-4E3D-B25B-D5A1A0ECF281}.Release|Win32.Build.0 = Release|Win32
	EndGlobalSection
	GlobalSection(SolutionProperties) = preSolution
		HideSolutionNode = FALSE
	EndGlobalSection
EndGlobal
